
Microsoft Visual Studio Solution File, Format Version 12.00
Project("{2150E333-8FDC-42A3-9474-1A3956D46DE8}") = "Tests", "Tests", "{07629BB3-7620-4097-9784-C602324DD3FA}"
EndProject
Project("{2150E333-8FDC-42A3-9474-1A3956D46DE8}") = "UnitTests", "UnitTests", "{59CD0B3B-E78F-4B98-83BB-38E9666B1C24}"
EndProject
Project("{FAE04EC0-301F-11D3-BF4B-00C04F79EFBC}") = "IOLanguageLib", "IOLanguageLib\IOLanguageLib.csproj", "{0C28DC87-BE0D-46BC-B898-CF786FCF746F}"
EndProject
Project("{FAE04EC0-301F-11D3-BF4B-00C04F79EFBC}") = "IOLanguageLibTests", "IOLanguageLibTests\IOLanguageLibTests.csproj", "{4EB01C09-6F5F-4956-8AE9-BDD103358B4A}"
EndProject
Project("{2150E333-8FDC-42A3-9474-1A3956D46DE8}") = "IntegrationTests", "IntegrationTests", "{1FF50274-D21A-47C1-B0DC-B3F36D8800F8}"
EndProject
Project("{FAE04EC0-301F-11D3-BF4B-00C04F79EFBC}") = "IOLib", "IOLib\IOLib.csproj", "{3B49F725-05F3-4817-AAAE-2ED231EDC531}"
EndProject
Global
	GlobalSection(SolutionConfigurationPlatforms) = preSolution
		Debug|Any CPU = Debug|Any CPU
		Release|Any CPU = Release|Any CPU
	EndGlobalSection
	GlobalSection(NestedProjects) = preSolution
		{59CD0B3B-E78F-4B98-83BB-38E9666B1C24} = {07629BB3-7620-4097-9784-C602324DD3FA}
		{4EB01C09-6F5F-4956-8AE9-BDD103358B4A} = {59CD0B3B-E78F-4B98-83BB-38E9666B1C24}
		{1FF50274-D21A-47C1-B0DC-B3F36D8800F8} = {07629BB3-7620-4097-9784-C602324DD3FA}
	EndGlobalSection
	GlobalSection(ProjectConfigurationPlatforms) = postSolution
		{0C28DC87-BE0D-46BC-B898-CF786FCF746F}.Debug|Any CPU.ActiveCfg = Debug|Any CPU
		{0C28DC87-BE0D-46BC-B898-CF786FCF746F}.Debug|Any CPU.Build.0 = Debug|Any CPU
		{0C28DC87-BE0D-46BC-B898-CF786FCF746F}.Release|Any CPU.ActiveCfg = Release|Any CPU
		{0C28DC87-BE0D-46BC-B898-CF786FCF746F}.Release|Any CPU.Build.0 = Release|Any CPU
		{4EB01C09-6F5F-4956-8AE9-BDD103358B4A}.Debug|Any CPU.ActiveCfg = Debug|Any CPU
		{4EB01C09-6F5F-4956-8AE9-BDD103358B4A}.Debug|Any CPU.Build.0 = Debug|Any CPU
		{4EB01C09-6F5F-4956-8AE9-BDD103358B4A}.Release|Any CPU.ActiveCfg = Release|Any CPU
		{4EB01C09-6F5F-4956-8AE9-BDD103358B4A}.Release|Any CPU.Build.0 = Release|Any CPU
		{3B49F725-05F3-4817-AAAE-2ED231EDC531}.Debug|Any CPU.ActiveCfg = Debug|Any CPU
		{3B49F725-05F3-4817-AAAE-2ED231EDC531}.Debug|Any CPU.Build.0 = Debug|Any CPU
		{3B49F725-05F3-4817-AAAE-2ED231EDC531}.Release|Any CPU.ActiveCfg = Release|Any CPU
		{3B49F725-05F3-4817-AAAE-2ED231EDC531}.Release|Any CPU.Build.0 = Release|Any CPU
	EndGlobalSection
EndGlobal
